
Microsoft Visual Studio Solution File, Format Version 12.00
# Visual Studio Version 16
VisualStudioVersion = 16.0.31129.286
MinimumVisualStudioVersion = 10.0.40219.1
Project("{FAE04EC0-301F-11D3-BF4B-00C04F79EFBC}") = "BT03_NguyenDuyThinh_102190191", "BT03_NguyenDuyThinh_102190191\BT03_NguyenDuyThinh_102190191.csproj", "{12511B2F-3B11-42A9-B79E-56AD2C4D9968}"
EndProject
Global
	GlobalSection(SolutionConfigurationPlatforms) = preSolution
		Debug|Any CPU = Debug|Any CPU
		Release|Any CPU = Release|Any CPU
	EndGlobalSection
	GlobalSection(ProjectConfigurationPlatforms) = postSolution
		{12511B2F-3B11-42A9-B79E-56AD2C4D9968}.Debug|Any CPU.ActiveCfg = Debug|Any CPU
		{12511B2F-3B11-42A9-B79E-56AD2C4D9968}.Debug|Any CPU.Build.0 = Debug|Any CPU
		{12511B2F-3B11-42A9-B79E-56AD2C4D9968}.Release|Any CPU.ActiveCfg = Release|Any CPU
		{12511B2F-3B11-42A9-B79E-56AD2C4D9968}.Release|Any CPU.Build.0 = Release|Any CPU
	EndGlobalSection
	GlobalSection(SolutionProperties) = preSolution
		HideSolutionNode = FALSE
	EndGlobalSection
	GlobalSection(ExtensibilityGlobals) = postSolution
		SolutionGuid = {C438184D-3262-4861-BA20-827DC9012397}
	EndGlobalSection
EndGlobal
